
Microsoft Visual Studio Solution File, Format Version 12.00
# Visual Studio Version 16
VisualStudioVersion = 16.0.28803.202
MinimumVisualStudioVersion = 10.0.40219.1
Project("{9A19103F-16F7-4668-BE54-9A1E7A4F7556}") = "Arithmetic", "Arithmetic\Arithmetic.csproj", "{C3944332-FCC9-4F8E-ABCD-252C86E6F395}"
EndProject
Project("{FAE04EC0-301F-11D3-BF4B-00C04F79EFBC}") = "ArithmeticUnitTest", "ArithmeticUnitTest\ArithmeticUnitTest.csproj", "{3EC3E7B3-09E3-430B-AD0A-2374BE5F5118}"
EndProject
Project("{FAE04EC0-301F-11D3-BF4B-00C04F79EFBC}") = "ArithmeticXUnitTest", "ArithmeticXUnitTest\ArithmeticXUnitTest.csproj", "{739F977F-7163-4056-A1D6-D5D3BF1003C0}"
EndProject
Global
	GlobalSection(SolutionConfigurationPlatforms) = preSolution
		Debug|Any CPU = Debug|Any CPU
		Release|Any CPU = Release|Any CPU
	EndGlobalSection
	GlobalSection(ProjectConfigurationPlatforms) = postSolution
		{C3944332-FCC9-4F8E-ABCD-252C86E6F395}.Debug|Any CPU.ActiveCfg = Debug|Any CPU
		{C3944332-FCC9-4F8E-ABCD-252C86E6F395}.Debug|Any CPU.Build.0 = Debug|Any CPU
		{C3944332-FCC9-4F8E-ABCD-252C86E6F395}.Release|Any CPU.ActiveCfg = Release|Any CPU
		{C3944332-FCC9-4F8E-ABCD-252C86E6F395}.Release|Any CPU.Build.0 = Release|Any CPU
		{3EC3E7B3-09E3-430B-AD0A-2374BE5F5118}.Debug|Any CPU.ActiveCfg = Debug|Any CPU
		{3EC3E7B3-09E3-430B-AD0A-2374BE5F5118}.Debug|Any CPU.Build.0 = Debug|Any CPU
		{3EC3E7B3-09E3-430B-AD0A-2374BE5F5118}.Release|Any CPU.ActiveCfg = Release|Any CPU
		{3EC3E7B3-09E3-430B-AD0A-2374BE5F5118}.Release|Any CPU.Build.0 = Release|Any CPU
		{739F977F-7163-4056-A1D6-D5D3BF1003C0}.Debug|Any CPU.ActiveCfg = Debug|Any CPU
		{739F977F-7163-4056-A1D6-D5D3BF1003C0}.Debug|Any CPU.Build.0 = Debug|Any CPU
		{739F977F-7163-4056-A1D6-D5D3BF1003C0}.Release|Any CPU.ActiveCfg = Release|Any CPU
		{739F977F-7163-4056-A1D6-D5D3BF1003C0}.Release|Any CPU.Build.0 = Release|Any CPU
	EndGlobalSection
	GlobalSection(SolutionProperties) = preSolution
		HideSolutionNode = FALSE
	EndGlobalSection
	GlobalSection(ExtensibilityGlobals) = postSolution
		SolutionGuid = {EBC196BF-9444-449C-9534-FA0A0C213934}
	EndGlobalSection
EndGlobal
